{
  "nodes": {
    "nixpkgs": {
      "locked": {
        "lastModified": 1751472477,
        "narHash": "sha256-DpGMd/4DAawRGegP8ISHHbpARRhDS2ABwjiLTAjO7Uk=",
        "owner": "NixOS",
        "repo": "nixpkgs",
        "rev": "b32441ec0fae600e647cf4e6d6c245286a583106",
        "type": "github"
      },
      "original": {
        "owner": "NixOS",
        "ref": "nixpkgs-unstable",
        "repo": "nixpkgs",
        "type": "github"
      }
    },
    "root": {
      "inputs": {
        "nixpkgs": "nixpkgs"
      }
    }
  },
  "root": "root",
  "version": 7
}
